{
  "name": "preprocessing",
  "version": "0.0.1",
  "lockfileVersion": 1,
  "requires": true,
  "dependencies": {
    "csv-parse": {
      "version": "4.3.3",
      "resolved": "https://registry.npmjs.org/csv-parse/-/csv-parse-4.3.3.tgz",
      "integrity": "sha512-bZ+AZjm2LlWEp5+TKeFeXDldduCUUaxEif+KUv+zvAwmCvCKTqeSHVEyxztGCQ6OE+87ObRq4NsCmg91SuJbhQ=="
    }
  }
}
